
Microsoft Visual Studio Solution File, Format Version 12.00
Project("{FAE04EC0-301F-11D3-BF4B-00C04F79EFBC}") = "Labirint", "Labirint\Labirint.csproj", "{C1FA8BE6-43D1-44FC-A778-6A564C4B96CE}"
EndProject
Project("{FAE04EC0-301F-11D3-BF4B-00C04F79EFBC}") = "Labirint.Tests", "Labirint.Tests\Labirint.Tests.csproj", "{0FA9D642-EED4-4D64-A90F-2D9AC8753EA6}"
EndProject
Global
	GlobalSection(SolutionConfigurationPlatforms) = preSolution
		Debug|Any CPU = Debug|Any CPU
		Release|Any CPU = Release|Any CPU
	EndGlobalSection
	GlobalSection(ProjectConfigurationPlatforms) = postSolution
		{C1FA8BE6-43D1-44FC-A778-6A564C4B96CE}.Debug|Any CPU.ActiveCfg = Debug|Any CPU
		{C1FA8BE6-43D1-44FC-A778-6A564C4B96CE}.Debug|Any CPU.Build.0 = Debug|Any CPU
		{C1FA8BE6-43D1-44FC-A778-6A564C4B96CE}.Release|Any CPU.ActiveCfg = Release|Any CPU
		{C1FA8BE6-43D1-44FC-A778-6A564C4B96CE}.Release|Any CPU.Build.0 = Release|Any CPU
		{0FA9D642-EED4-4D64-A90F-2D9AC8753EA6}.Debug|Any CPU.ActiveCfg = Debug|Any CPU
		{0FA9D642-EED4-4D64-A90F-2D9AC8753EA6}.Debug|Any CPU.Build.0 = Debug|Any CPU
		{0FA9D642-EED4-4D64-A90F-2D9AC8753EA6}.Release|Any CPU.ActiveCfg = Release|Any CPU
		{0FA9D642-EED4-4D64-A90F-2D9AC8753EA6}.Release|Any CPU.Build.0 = Release|Any CPU
	EndGlobalSection
EndGlobal
